// !$*UTF8*$!
{
	archiveVersion = 1;
	classes = {
	};
	objectVersion = 50;
	objects = {

/* Begin PBXBuildFile section */
		38BCFE6E209E825F00EE380C /* AppDelegate.swift in Sources */ = {isa = PBXBuildFile; fileRef = 38BCFE6D209E825F00EE380C /* AppDelegate.swift */; };
		38BCFE70209E825F00EE380C /* ViewController.swift in Sources */ = {isa = PBXBuildFile; fileRef = 38BCFE6F209E825F00EE380C /* ViewController.swift */; };
		38BCFE73209E825F00EE380C /* Main.storyboard in Resources */ = {isa = PBXBuildFile; fileRef = 38BCFE71209E825F00EE380C /* Main.storyboard */; };
		38BCFE75209E826100EE380C /* Assets.xcassets in Resources */ = {isa = PBXBuildFile; fileRef = 38BCFE74209E826100EE380C /* Assets.xcassets */; };
		38BCFE78209E826100EE380C /* LaunchScreen.storyboard in Resources */ = {isa = PBXBuildFile; fileRef = 38BCFE76209E826100EE380C /* LaunchScreen.storyboard */; };
		CF8F12CF60852D4F04CF97E2 /* Pods_TenhoRodas.framework in Frameworks */ = {isa = PBXBuildFile; fileRef = 2D697D9DCB7366D3C23EC270 /* Pods_TenhoRodas.framework */; };
		D4985534209EDF280058AA60 /* Report.swift in Sources */ = {isa = PBXBuildFile; fileRef = D4985533209EDF280058AA60 /* Report.swift */; };
/* End PBXBuildFile section */

/* Begin PBXFileReference section */
		2D697D9DCB7366D3C23EC270 /* Pods_TenhoRodas.framework */ = {isa = PBXFileReference; explicitFileType = wrapper.framework; includeInIndex = 0; path = Pods_TenhoRodas.framework; sourceTree = BUILT_PRODUCTS_DIR; };
		38BCFE6A209E825F00EE380C /* TenhoRodas.app */ = {isa = PBXFileReference; explicitFileType = wrapper.application; includeInIndex = 0; path = TenhoRodas.app; sourceTree = BUILT_PRODUCTS_DIR; };
		38BCFE6D209E825F00EE380C /* AppDelegate.swift */ = {isa = PBXFileReference; lastKnownFileType = sourcecode.swift; path = AppDelegate.swift; sourceTree = "<group>"; };
		38BCFE6F209E825F00EE380C /* ViewController.swift */ = {isa = PBXFileReference; lastKnownFileType = sourcecode.swift; path = ViewController.swift; sourceTree = "<group>"; };
		38BCFE72209E825F00EE380C /* Base */ = {isa = PBXFileReference; lastKnownFileType = file.storyboard; name = Base; path = Base.lproj/Main.storyboard; sourceTree = "<group>"; };
		38BCFE74209E826100EE380C /* Assets.xcassets */ = {isa = PBXFileReference; lastKnownFileType = folder.assetcatalog; path = Assets.xcassets; sourceTree = "<group>"; };
		38BCFE77209E826100EE380C /* Base */ = {isa = PBXFileReference; lastKnownFileType = file.storyboard; name = Base; path = Base.lproj/LaunchScreen.storyboard; sourceTree = "<group>"; };
		38BCFE79209E826100EE380C /* Info.plist */ = {isa = PBXFileReference; lastKnownFileType = text.plist.xml; path = Info.plist; sourceTree = "<group>"; };
		6C7E853916550187619D2B7F /* Pods-TenhoRodas.debug.xcconfig */ = {isa = PBXFileReference; includeInIndex = 1; lastKnownFileType = text.xcconfig; name = "Pods-TenhoRodas.debug.xcconfig"; path = "Pods/Target Support Files/Pods-TenhoRodas/Pods-TenhoRodas.debug.xcconfig"; sourceTree = "<group>"; };
		AE16828D59F6FD69665D1482 /* Pods-TenhoRodas.release.xcconfig */ = {isa = PBXFileReference; includeInIndex = 1; lastKnownFileType = text.xcconfig; name = "Pods-TenhoRodas.release.xcconfig"; path = "Pods/Target Support Files/Pods-TenhoRodas/Pods-TenhoRodas.release.xcconfig"; sourceTree = "<group>"; };
		D4985533209EDF280058AA60 /* Report.swift */ = {isa = PBXFileReference; lastKnownFileType = sourcecode.swift; path = Report.swift; sourceTree = "<group>"; };
/* End PBXFileReference section */

/* Begin PBXFrameworksBuildPhase section */
		38BCFE67209E825F00EE380C /* Frameworks */ = {
			isa = PBXFrameworksBuildPhase;
			buildActionMask = 2147483647;
			files = (
				CF8F12CF60852D4F04CF97E2 /* Pods_TenhoRodas.framework in Frameworks */,
			);
			runOnlyForDeploymentPostprocessing = 0;
		};
/* End PBXFrameworksBuildPhase section */

/* Begin PBXGroup section */
		38BCFE61209E825F00EE380C = {
			isa = PBXGroup;
			children = (
				38BCFE6C209E825F00EE380C /* TenhoRodas */,
				38BCFE6B209E825F00EE380C /* Products */,
				91DA519262B46AEC1850F3C3 /* Pods */,
				CF1688487BB2BEF5E0AC722F /* Frameworks */,
			);
			sourceTree = "<group>";
		};
		38BCFE6B209E825F00EE380C /* Products */ = {
			isa = PBXGroup;
			children = (
				38BCFE6A209E825F00EE380C /* TenhoRodas.app */,
			);
			name = Products;
			sourceTree = "<group>";
		};
		38BCFE6C209E825F00EE380C /* TenhoRodas */ = {
			isa = PBXGroup;
			children = (
				38BCFE6D209E825F00EE380C /* AppDelegate.swift */,
				38BCFE6F209E825F00EE380C /* ViewController.swift */,
				38BCFE71209E825F00EE380C /* Main.storyboard */,
				38BCFE74209E826100EE380C /* Assets.xcassets */,
				38BCFE76209E826100EE380C /* LaunchScreen.storyboard */,
				38BCFE79209E826100EE380C /* Info.plist */,
				D4985533209EDF280058AA60 /* Report.swift */,
			);
			path = TenhoRodas;
			sourceTree = "<group>";
		};
		91DA519262B46AEC1850F3C3 /* Pods */ = {
			isa = PBXGroup;
			children = (
				6C7E853916550187619D2B7F /* Pods-TenhoRodas.debug.xcconfig */,
				AE16828D59F6FD69665D1482 /* Pods-TenhoRodas.release.xcconfig */,
			);
			name = Pods;
			sourceTree = "<group>";
		};
		CF1688487BB2BEF5E0AC722F /* Frameworks */ = {
			isa = PBXGroup;
			children = (
				2D697D9DCB7366D3C23EC270 /* Pods_TenhoRodas.framework */,
			);
			name = Frameworks;
			sourceTree = "<group>";
		};
/* End PBXGroup section */

/* Begin PBXNativeTarget section */
		38BCFE69209E825F00EE380C /* TenhoRodas */ = {
			isa = PBXNativeTarget;
			buildConfigurationList = 38BCFE7C209E826100EE380C /* Build configuration list for PBXNativeTarget "TenhoRodas" */;
			buildPhases = (
				AE8EB636F1C4C333CB105ADB /* [CP] Check Pods Manifest.lock */,
				38BCFE66209E825F00EE380C /* Sources */,
				38BCFE67209E825F00EE380C /* Frameworks */,
				38BCFE68209E825F00EE380C /* Resources */,
				9E5E566996C7BC4ACD997E52 /* [CP] Embed Pods Frameworks */,
				182A8243623297469563EE9A /* [CP] Copy Pods Resources */,
			);
			buildRules = (
			);
			dependencies = (
			);
			name = TenhoRodas;
			productName = TenhoRodas;
			productReference = 38BCFE6A209E825F00EE380C /* TenhoRodas.app */;
			productType = "com.apple.product-type.application";
		};
/* End PBXNativeTarget section */

/* Begin PBXProject section */
		38BCFE62209E825F00EE380C /* Project object */ = {
			isa = PBXProject;
			attributes = {
				LastSwiftUpdateCheck = 0930;
				LastUpgradeCheck = 0930;
				ORGANIZATIONNAME = "Miguel Nery";
				TargetAttributes = {
					38BCFE69209E825F00EE380C = {
						CreatedOnToolsVersion = 9.3;
					};
				};
			};
			buildConfigurationList = 38BCFE65209E825F00EE380C /* Build configuration list for PBXProject "TenhoRodas" */;
			compatibilityVersion = "Xcode 9.3";
			developmentRegion = en;
			hasScannedForEncodings = 0;
			knownRegions = (
				en,
				Base,
			);
			mainGroup = 38BCFE61209E825F00EE380C;
			productRefGroup = 38BCFE6B209E825F00EE380C /* Products */;
			projectDirPath = "";
			projectRoot = "";
			targets = (
				38BCFE69209E825F00EE380C /* TenhoRodas */,
			);
		};
/* End PBXProject section */

/* Begin PBXResourcesBuildPhase section */
		38BCFE68209E825F00EE380C /* Resources */ = {
			isa = PBXResourcesBuildPhase;
			buildActionMask = 2147483647;
			files = (
				38BCFE78209E826100EE380C /* LaunchScreen.storyboard in Resources */,
				38BCFE75209E826100EE380C /* Assets.xcassets in Resources */,
				38BCFE73209E825F00EE380C /* Main.storyboard in Resources */,
			);
			runOnlyForDeploymentPostprocessing = 0;
		};
/* End PBXResourcesBuildPhase section */

/* Begin PBXShellScriptBuildPhase section */
		182A8243623297469563EE9A /* [CP] Copy Pods Resources */ = {
			isa = PBXShellScriptBuildPhase;
			buildActionMask = 2147483647;
			files = (
			);
			inputPaths = (
				"${SRCROOT}/Pods/Target Support Files/Pods-TenhoRodas/Pods-TenhoRodas-resources.sh",
				"${PODS_ROOT}/GoogleMaps/Maps/Frameworks/GoogleMaps.framework/Resources/GoogleMaps.bundle",
				"${PODS_ROOT}/GooglePlacePicker/Frameworks/GooglePlacePicker.framework/Resources/GooglePlacePicker.bundle",
				"${PODS_ROOT}/GooglePlaces/Frameworks/GooglePlaces.framework/Resources/GooglePlaces.bundle",
			);
			name = "[CP] Copy Pods Resources";
			outputPaths = (
				"${TARGET_BUILD_DIR}/${UNLOCALIZED_RESOURCES_FOLDER_PATH}/GoogleMaps.bundle",
				"${TARGET_BUILD_DIR}/${UNLOCALIZED_RESOURCES_FOLDER_PATH}/GooglePlacePicker.bundle",
				"${TARGET_BUILD_DIR}/${UNLOCALIZED_RESOURCES_FOLDER_PATH}/GooglePlaces.bundle",
			);
			runOnlyForDeploymentPostprocessing = 0;
			shellPath = /bin/sh;
			shellScript = "\"${SRCROOT}/Pods/Target Support Files/Pods-TenhoRodas/Pods-TenhoRodas-resources.sh\"\n";
			showEnvVarsInLog = 0;
		};
		9E5E566996C7BC4ACD997E52 /* [CP] Embed Pods Frameworks */ = {
			isa = PBXShellScriptBuildPhase;
			buildActionMask = 2147483647;
			files = (
			);
			inputPaths = (
				"${SRCROOT}/Pods/Target Support Files/Pods-TenhoRodas/Pods-TenhoRodas-frameworks.sh",
				"${BUILT_PRODUCTS_DIR}/Alamofire/Alamofire.framework",
				"${BUILT_PRODUCTS_DIR}/UberCore/UberCore.framework",
				"${BUILT_PRODUCTS_DIR}/UberRides/UberRides.framework",
			);
			name = "[CP] Embed Pods Frameworks";
			outputPaths = (
				"${TARGET_BUILD_DIR}/${FRAMEWORKS_FOLDER_PATH}/Alamofire.framework",
				"${TARGET_BUILD_DIR}/${FRAMEWORKS_FOLDER_PATH}/UberCore.framework",
				"${TARGET_BUILD_DIR}/${FRAMEWORKS_FOLDER_PATH}/UberRides.framework",
			);
			runOnlyForDeploymentPostprocessing = 0;
			shellPath = /bin/sh;
			shellScript = "\"${SRCROOT}/Pods/Target Support Files/Pods-TenhoRodas/Pods-TenhoRodas-frameworks.sh\"\n";
			showEnvVarsInLog = 0;
		};
		AE8EB636F1C4C333CB105ADB /* [CP] Check Pods Manifest.lock */ = {
			isa = PBXShellScriptBuildPhase;
			buildActionMask = 2147483647;
			files = (
			);
			inputPaths = (
				"${PODS_PODFILE_DIR_PATH}/Podfile.lock",
				"${PODS_ROOT}/Manifest.lock",
			);
			name = "[CP] Check Pods Manifest.lock";
			outputPaths = (
				"$(DERIVED_FILE_DIR)/Pods-TenhoRodas-checkManifestLockResult.txt",
			);
			runOnlyForDeploymentPostprocessing = 0;
			shellPath = /bin/sh;
			shellScript = "diff \"${PODS_PODFILE_DIR_PATH}/Podfile.lock\" \"${PODS_ROOT}/Manifest.lock\" > /dev/null\nif [ $? != 0 ] ; then\n    # print error to STDERR\n    echo \"error: The sandbox is not in sync with the Podfile.lock. Run 'pod install' or update your CocoaPods installation.\" >&2\n    exit 1\nfi\n# This output is used by Xcode 'outputs' to avoid re-running this script phase.\necho \"SUCCESS\" > \"${SCRIPT_OUTPUT_FILE_0}\"\n";
			showEnvVarsInLog = 0;
		};
/* End PBXShellScriptBuildPhase section */

/* Begin PBXSourcesBuildPhase section */
		38BCFE66209E825F00EE380C /* Sources */ = {
			isa = PBXSourcesBuildPhase;
			buildActionMask = 2147483647;
			files = (
				38BCFE70209E825F00EE380C /* ViewController.swift in Sources */,
				38BCFE6E209E825F00EE380C /* AppDelegate.swift in Sources */,
				D4985534209EDF280058AA60 /* Report.swift in Sources */,
			);
			runOnlyForDeploymentPostprocessing = 0;
		};
/* End PBXSourcesBuildPhase section */

/* Begin PBXVariantGroup section */
		38BCFE71209E825F00EE380C /* Main.storyboard */ = {
			isa = PBXVariantGroup;
			children = (
				38BCFE72209E825F00EE380C /* Base */,
			);
			name = Main.storyboard;
			sourceTree = "<group>";
		};
		38BCFE76209E826100EE380C /* LaunchScreen.storyboard */ = {
			isa = PBXVariantGroup;
			children = (
				38BCFE77209E826100EE380C /* Base */,
			);
			name = LaunchScreen.storyboard;
			sourceTree = "<group>";
		};
/* End PBXVariantGroup section */

/* Begin XCBuildConfiguration section */
		38BCFE7A209E826100EE380C /* Debug */ = {
			isa = XCBuildConfiguration;
			buildSettings = {
				ALWAYS_SEARCH_USER_PATHS = NO;
				CLANG_ANALYZER_NONNULL = YES;
				CLANG_ANALYZER_NUMBER_OBJECT_CONVERSION = YES_AGGRESSIVE;
				CLANG_CXX_LANGUAGE_STANDARD = "gnu++14";
				CLANG_CXX_LIBRARY = "libc++";
				CLANG_ENABLE_MODULES = YES;
				CLANG_ENABLE_OBJC_ARC = YES;
				CLANG_ENABLE_OBJC_WEAK = YES;
				CLANG_WARN_BLOCK_CAPTURE_AUTORELEASING = YES;
				CLANG_WARN_BOOL_CONVERSION = YES;
				CLANG_WARN_COMMA = YES;
				CLANG_WARN_CONSTANT_CONVERSION = YES;
				CLANG_WARN_DEPRECATED_OBJC_IMPLEMENTATIONS = YES;
				CLANG_WARN_DIRECT_OBJC_ISA_USAGE = YES_ERROR;
				CLANG_WARN_DOCUMENTATION_COMMENTS = YES;
				CLANG_WARN_EMPTY_BODY = YES;
				CLANG_WARN_ENUM_CONVERSION = YES;
				CLANG_WARN_INFINITE_RECURSION = YES;
				CLANG_WARN_INT_CONVERSION = YES;
				CLANG_WARN_NON_LITERAL_NULL_CONVERSION = YES;
				CLANG_WARN_OBJC_IMPLICIT_RETAIN_SELF = YES;
				CLANG_WARN_OBJC_LITERAL_CONVERSION = YES;
				CLANG_WARN_OBJC_ROOT_CLASS = YES_ERROR;
				CLANG_WARN_RANGE_LOOP_ANALYSIS = YES;
				CLANG_WARN_STRICT_PROTOTYPES = YES;
				CLANG_WARN_SUSPICIOUS_MOVE = YES;
				CLANG_WARN_UNGUARDED_AVAILABILITY = YES_AGGRESSIVE;
				CLANG_WARN_UNREACHABLE_CODE = YES;
				CLANG_WARN__DUPLICATE_METHOD_MATCH = YES;
				CODE_SIGN_IDENTITY = "iPhone Developer";
				COPY_PHASE_STRIP = NO;
				DEBUG_INFORMATION_FORMAT = dwarf;
				ENABLE_STRICT_OBJC_MSGSEND = YES;
				ENABLE_TESTABILITY = YES;
				GCC_C_LANGUAGE_STANDARD = gnu11;
				GCC_DYNAMIC_NO_PIC = NO;
				GCC_NO_COMMON_BLOCKS = YES;
				GCC_OPTIMIZATION_LEVEL = 0;
				GCC_PREPROCESSOR_DEFINITIONS = (
					"DEBUG=1",
					"$(inherited)",
				);
				GCC_WARN_64_TO_32_BIT_CONVERSION = YES;
				GCC_WARN_ABOUT_RETURN_TYPE = YES_ERROR;
				GCC_WARN_UNDECLARED_SELECTOR = YES;
				GCC_WARN_UNINITIALIZED_AUTOS = YES_AGGRESSIVE;
				GCC_WARN_UNUSED_FUNCTION = YES;
				GCC_WARN_UNUSED_VARIABLE = YES;
				IPHONEOS_DEPLOYMENT_TARGET = 11.3;
				MTL_ENABLE_DEBUG_INFO = YES;
				ONLY_ACTIVE_ARCH = YES;
				SDKROOT = iphoneos;
				SWIFT_ACTIVE_COMPILATION_CONDITIONS = DEBUG;
				SWIFT_OPTIMIZATION_LEVEL = "-Onone";
			};
			name = Debug;
		};
		38BCFE7B209E826100EE380C /* Release */ = {
			isa = XCBuildConfiguration;
			buildSettings = {
				ALWAYS_SEARCH_USER_PATHS = NO;
				CLANG_ANALYZER_NONNULL = YES;
				CLANG_ANALYZER_NUMBER_OBJECT_CONVERSION = YES_AGGRESSIVE;
				CLANG_CXX_LANGUAGE_STANDARD = "gnu++14";
				CLANG_CXX_LIBRARY = "libc++";
				CLANG_ENABLE_MODULES = YES;
				CLANG_ENABLE_OBJC_ARC = YES;
				CLANG_ENABLE_OBJC_WEAK = YES;
				CLANG_WARN_BLOCK_CAPTURE_AUTORELEASING = YES;
				CLANG_WARN_BOOL_CONVERSION = YES;
				CLANG_WARN_COMMA = YES;
				CLANG_WARN_CONSTANT_CONVERSION = YES;
				CLANG_WARN_DEPRECATED_OBJC_IMPLEMENTATIONS = YES;
				CLANG_WARN_DIRECT_OBJC_ISA_USAGE = YES_ERROR;
				CLANG_WARN_DOCUMENTATION_COMMENTS = YES;
				CLANG_WARN_EMPTY_BODY = YES;
				CLANG_WARN_ENUM_CONVERSION = YES;
				CLANG_WARN_INFINITE_RECURSION = YES;
				CLANG_WARN_INT_CONVERSION = YES;
				CLANG_WARN_NON_LITERAL_NULL_CONVERSION = YES;
				CLANG_WARN_OBJC_IMPLICIT_RETAIN_SELF = YES;
				CLANG_WARN_OBJC_LITERAL_CONVERSION = YES;
				CLANG_WARN_OBJC_ROOT_CLASS = YES_ERROR;
				CLANG_WARN_RANGE_LOOP_ANALYSIS = YES;
				CLANG_WARN_STRICT_PROTOTYPES = YES;
				CLANG_WARN_SUSPICIOUS_MOVE = YES;
				CLANG_WARN_UNGUARDED_AVAILABILITY = YES_AGGRESSIVE;
				CLANG_WARN_UNREACHABLE_CODE = YES;
				CLANG_WARN__DUPLICATE_METHOD_MATCH = YES;
				CODE_SIGN_IDENTITY = "iPhone Developer";
				COPY_PHASE_STRIP = NO;
				DEBUG_INFORMATION_FORMAT = "dwarf-with-dsym";
				ENABLE_NS_ASSERTIONS = NO;
				ENABLE_STRICT_OBJC_MSGSEND = YES;
				GCC_C_LANGUAGE_STANDARD = gnu11;
				GCC_NO_COMMON_BLOCKS = YES;
				GCC_WARN_64_TO_32_BIT_CONVERSION = YES;
				GCC_WARN_ABOUT_RETURN_TYPE = YES_ERROR;
				GCC_WARN_UNDECLARED_SELECTOR = YES;
				GCC_WARN_UNINITIALIZED_AUTOS = YES_AGGRESSIVE;
				GCC_WARN_UNUSED_FUNCTION = YES;
				GCC_WARN_UNUSED_VARIABLE = YES;
				IPHONEOS_DEPLOYMENT_TARGET = 11.3;
				MTL_ENABLE_DEBUG_INFO = NO;
				SDKROOT = iphoneos;
				SWIFT_COMPILATION_MODE = wholemodule;
				SWIFT_OPTIMIZATION_LEVEL = "-O";
				VALIDATE_PRODUCT = YES;
			};
			name = Release;
		};
		38BCFE7D209E826100EE380C /* Debug */ = {
			isa = XCBuildConfiguration;
			baseConfigurationReference = 6C7E853916550187619D2B7F /* Pods-TenhoRodas.debug.xcconfig */;
			buildSettings = {
				ASSETCATALOG_COMPILER_APPICON_NAME = AppIcon;
				CODE_SIGN_STYLE = Automatic;
				DEVELOPMENT_TEAM = 9KAJM7V6T4;
				INFOPLIST_FILE = TenhoRodas/Info.plist;
				IPHONEOS_DEPLOYMENT_TARGET = 11.0;
				LD_RUNPATH_SEARCH_PATHS = "$(inherited) @executable_path/Frameworks";
				PRODUCT_BUNDLE_IDENTIFIER = dream.TenhoRodas;
				PRODUCT_NAME = "$(TARGET_NAME)";
				SWIFT_VERSION = 4.0;
				TARGETED_DEVICE_FAMILY = "1,2";
			};
			name = Debug;
		};
		38BCFE7E209E826100EE380C /* Release */ = {
			isa = XCBuildConfiguration;
			baseConfigurationReference = AE16828D59F6FD69665D1482 /* Pods-TenhoRodas.release.xcconfig */;
			buildSettings = {
				ASSETCATALOG_COMPILER_APPICON_NAME = AppIcon;
				CODE_SIGN_STYLE = Automatic;
				DEVELOPMENT_TEAM = 9KAJM7V6T4;
				INFOPLIST_FILE = TenhoRodas/Info.plist;
				IPHONEOS_DEPLOYMENT_TARGET = 11.0;
				LD_RUNPATH_SEARCH_PATHS = "$(inherited) @executable_path/Frameworks";
				PRODUCT_BUNDLE_IDENTIFIER = dream.TenhoRodas;
				PRODUCT_NAME = "$(TARGET_NAME)";
				SWIFT_VERSION = 4.0;
				TARGETED_DEVICE_FAMILY = "1,2";
			};
			name = Release;
		};
/* End XCBuildConfiguration section */

/* Begin XCConfigurationList section */
		38BCFE65209E825F00EE380C /* Build configuration list for PBXProject "TenhoRodas" */ = {
			isa = XCConfigurationList;
			buildConfigurations = (
				38BCFE7A209E826100EE380C /* Debug */,
				38BCFE7B209E826100EE380C /* Release */,
			);
			defaultConfigurationIsVisible = 0;
			defaultConfigurationName = Release;
		};
		38BCFE7C209E826100EE380C /* Build configuration list for PBXNativeTarget "TenhoRodas" */ = {
			isa = XCConfigurationList;
			buildConfigurations = (
				38BCFE7D209E826100EE380C /* Debug */,
				38BCFE7E209E826100EE380C /* Release */,
			);
			defaultConfigurationIsVisible = 0;
			defaultConfigurationName = Release;
		};
/* End XCConfigurationList section */
	};
	rootObject = 38BCFE62209E825F00EE380C /* Project object */;
}
